
Microsoft Visual Studio Solution File, Format Version 12.00
# Visual Studio Version 17
VisualStudioVersion = 17.14.36212.18 d17.14
MinimumVisualStudioVersion = 10.0.40219.1
Project("{FAE04EC0-301F-11D3-BF4B-00C04F79EFBC}") = "serialization", "serialization.csproj", "{CB4D9913-C49D-4A54-AA78-AD0597B92DEE}"
EndProject
Global
	GlobalSection(SolutionConfigurationPlatforms) = preSolution
		Debug|Any CPU = Debug|Any CPU
		Release|Any CPU = Release|Any CPU
	EndGlobalSection
	GlobalSection(ProjectConfigurationPlatforms) = postSolution
		{CB4D9913-C49D-4A54-AA78-AD0597B92DEE}.Debug|Any CPU.ActiveCfg = Debug|Any CPU
		{CB4D9913-C49D-4A54-AA78-AD0597B92DEE}.Debug|Any CPU.Build.0 = Debug|Any CPU
		{CB4D9913-C49D-4A54-AA78-AD0597B92DEE}.Release|Any CPU.ActiveCfg = Release|Any CPU
		{CB4D9913-C49D-4A54-AA78-AD0597B92DEE}.Release|Any CPU.Build.0 = Release|Any CPU
	EndGlobalSection
	GlobalSection(SolutionProperties) = preSolution
		HideSolutionNode = FALSE
	EndGlobalSection
	GlobalSection(ExtensibilityGlobals) = postSolution
		SolutionGuid = {4E6F0F76-8270-434B-A528-E6DF82E618BB}
	EndGlobalSection
EndGlobal
