
Microsoft Visual Studio Solution File, Format Version 12.00
# Visual Studio Version 17
VisualStudioVersion = 17.14.36212.18 d17.14
MinimumVisualStudioVersion = 10.0.40219.1
Project("{FAE04EC0-301F-11D3-BF4B-00C04F79EFBC}") = "triangle type idnetifier", "triangle type idnetifier\triangle type idnetifier.csproj", "{9F9363D6-C326-455C-A00F-49D9B8BBBC8B}"
EndProject
Global
	GlobalSection(SolutionConfigurationPlatforms) = preSolution
		Debug|Any CPU = Debug|Any CPU
		Release|Any CPU = Release|Any CPU
	EndGlobalSection
	GlobalSection(ProjectConfigurationPlatforms) = postSolution
		{9F9363D6-C326-455C-A00F-49D9B8BBBC8B}.Debug|Any CPU.ActiveCfg = Debug|Any CPU
		{9F9363D6-C326-455C-A00F-49D9B8BBBC8B}.Debug|Any CPU.Build.0 = Debug|Any CPU
		{9F9363D6-C326-455C-A00F-49D9B8BBBC8B}.Release|Any CPU.ActiveCfg = Release|Any CPU
		{9F9363D6-C326-455C-A00F-49D9B8BBBC8B}.Release|Any CPU.Build.0 = Release|Any CPU
	EndGlobalSection
	GlobalSection(SolutionProperties) = preSolution
		HideSolutionNode = FALSE
	EndGlobalSection
	GlobalSection(ExtensibilityGlobals) = postSolution
		SolutionGuid = {FABE6E11-F773-4EA3-9FE4-07CD501329D8}
	EndGlobalSection
EndGlobal
